
Microsoft Visual Studio Solution File, Format Version 12.00
# Visual Studio 2013
VisualStudioVersion = 12.0.30723.0
MinimumVisualStudioVersion = 10.0.40219.1
Project("{8BC9CEB8-8B4A-11D0-8D11-00A0C91BC942}") = "FSXAssistantDLL", "FSXAssistantDLL\FSXAssistantDLL.vcxproj", "{05A66CEA-F493-4516-A508-80B92A9F23DB}"
EndProject
Project("{FAE04EC0-301F-11D3-BF4B-00C04F79EFBC}") = "FSXAssistantServer", "FSXAssistantServer\FSXAssistantServer.csproj", "{848E76A1-2C85-42FA-9BB1-64B790B90ACA}"
	ProjectSection(ProjectDependencies) = postProject
		{05A66CEA-F493-4516-A508-80B92A9F23DB} = {05A66CEA-F493-4516-A508-80B92A9F23DB}
	EndProjectSection
EndProject
Project("{FAE04EC0-301F-11D3-BF4B-00C04F79EFBC}") = "FSXAssistantWinDesktopClient", "FSXAssistantWinDesktopClient\FSXAssistantWinDesktopClient.csproj", "{99395CA6-CCEB-4A63-B371-357EF582709B}"
	ProjectSection(ProjectDependencies) = postProject
		{848E76A1-2C85-42FA-9BB1-64B790B90ACA} = {848E76A1-2C85-42FA-9BB1-64B790B90ACA}
		{05A66CEA-F493-4516-A508-80B92A9F23DB} = {05A66CEA-F493-4516-A508-80B92A9F23DB}
	EndProjectSection
EndProject
Global
	GlobalSection(SolutionConfigurationPlatforms) = preSolution
		Release|Win32 = Release|Win32
	EndGlobalSection
	GlobalSection(ProjectConfigurationPlatforms) = postSolution
		{05A66CEA-F493-4516-A508-80B92A9F23DB}.Release|Win32.ActiveCfg = Release|Win32
		{05A66CEA-F493-4516-A508-80B92A9F23DB}.Release|Win32.Build.0 = Release|Win32
		{848E76A1-2C85-42FA-9BB1-64B790B90ACA}.Release|Win32.ActiveCfg = Release|Any CPU
		{848E76A1-2C85-42FA-9BB1-64B790B90ACA}.Release|Win32.Build.0 = Release|Any CPU
		{99395CA6-CCEB-4A63-B371-357EF582709B}.Release|Win32.ActiveCfg = Release|Any CPU
		{99395CA6-CCEB-4A63-B371-357EF582709B}.Release|Win32.Build.0 = Release|Any CPU
	EndGlobalSection
	GlobalSection(SolutionProperties) = preSolution
		HideSolutionNode = FALSE
	EndGlobalSection
EndGlobal
